
Microsoft Visual Studio Solution File, Format Version 12.00
# Visual Studio Version 16
VisualStudioVersion = 16.0.28917.181
MinimumVisualStudioVersion = 10.0.40219.1
Project("{FAE04EC0-301F-11D3-BF4B-00C04F79EFBC}") = "OnlineTutorApp", "OnlineTutorApp\OnlineTutorApp.csproj", "{EC47B49A-8FA9-4CA5-A6CE-3FEB103A7DBF}"
EndProject
Global
	GlobalSection(SolutionConfigurationPlatforms) = preSolution
		Debug|Any CPU = Debug|Any CPU
		Release|Any CPU = Release|Any CPU
	EndGlobalSection
	GlobalSection(ProjectConfigurationPlatforms) = postSolution
		{EC47B49A-8FA9-4CA5-A6CE-3FEB103A7DBF}.Debug|Any CPU.ActiveCfg = Debug|Any CPU
		{EC47B49A-8FA9-4CA5-A6CE-3FEB103A7DBF}.Debug|Any CPU.Build.0 = Debug|Any CPU
		{EC47B49A-8FA9-4CA5-A6CE-3FEB103A7DBF}.Release|Any CPU.ActiveCfg = Release|Any CPU
		{EC47B49A-8FA9-4CA5-A6CE-3FEB103A7DBF}.Release|Any CPU.Build.0 = Release|Any CPU
	EndGlobalSection
	GlobalSection(SolutionProperties) = preSolution
		HideSolutionNode = FALSE
	EndGlobalSection
	GlobalSection(ExtensibilityGlobals) = postSolution
		SolutionGuid = {C0411DD4-E5B0-43C0-8A0E-377E42D030A3}
	EndGlobalSection
EndGlobal
